
Microsoft Visual Studio Solution File, Format Version 12.00
# Visual Studio Version 17
VisualStudioVersion = 17.4.33205.214
MinimumVisualStudioVersion = 10.0.40219.1
Project("{FAE04EC0-301F-11D3-BF4B-00C04F79EFBC}") = "DiamondKata", "DiamondKata\DiamondKata.csproj", "{8520EA81-D9EB-4CC2-A4F9-FCD3B8ABB092}"
EndProject
Project("{FAE04EC0-301F-11D3-BF4B-00C04F79EFBC}") = "DiamondKata.Tests", "DiamondKata.Tests\DiamondKata.Tests.csproj", "{5BC91010-6C34-4ADA-85A1-A4A75B8B3ACF}"
EndProject
Global
	GlobalSection(SolutionConfigurationPlatforms) = preSolution
		Debug|Any CPU = Debug|Any CPU
		Release|Any CPU = Release|Any CPU
	EndGlobalSection
	GlobalSection(ProjectConfigurationPlatforms) = postSolution
		{8520EA81-D9EB-4CC2-A4F9-FCD3B8ABB092}.Debug|Any CPU.ActiveCfg = Debug|Any CPU
		{8520EA81-D9EB-4CC2-A4F9-FCD3B8ABB092}.Debug|Any CPU.Build.0 = Debug|Any CPU
		{8520EA81-D9EB-4CC2-A4F9-FCD3B8ABB092}.Release|Any CPU.ActiveCfg = Release|Any CPU
		{8520EA81-D9EB-4CC2-A4F9-FCD3B8ABB092}.Release|Any CPU.Build.0 = Release|Any CPU
		{5BC91010-6C34-4ADA-85A1-A4A75B8B3ACF}.Debug|Any CPU.ActiveCfg = Debug|Any CPU
		{5BC91010-6C34-4ADA-85A1-A4A75B8B3ACF}.Debug|Any CPU.Build.0 = Debug|Any CPU
		{5BC91010-6C34-4ADA-85A1-A4A75B8B3ACF}.Release|Any CPU.ActiveCfg = Release|Any CPU
		{5BC91010-6C34-4ADA-85A1-A4A75B8B3ACF}.Release|Any CPU.Build.0 = Release|Any CPU
	EndGlobalSection
	GlobalSection(SolutionProperties) = preSolution
		HideSolutionNode = FALSE
	EndGlobalSection
	GlobalSection(ExtensibilityGlobals) = postSolution
		SolutionGuid = {F1861C0C-C25B-48CC-AD42-5359897DAC56}
	EndGlobalSection
EndGlobal
